
Microsoft Visual Studio Solution File, Format Version 12.00
# Visual Studio 2013
VisualStudioVersion = 12.0.30501.0
MinimumVisualStudioVersion = 10.0.40219.1
Project("{FAE04EC0-301F-11D3-BF4B-00C04F79EFBC}") = "ServerConsole", "ServerConsole\ServerConsole.csproj", "{7B5C18F6-323D-47B4-A859-E7EE2706995B}"
EndProject
Project("{FAE04EC0-301F-11D3-BF4B-00C04F79EFBC}") = "ServerContract", "ServerContract\ServerContract\ServerContract.csproj", "{46C67986-0E8A-46D8-8AFE-9C7DA0CCD41E}"
EndProject
Global
	GlobalSection(SolutionConfigurationPlatforms) = preSolution
		Debug|Any CPU = Debug|Any CPU
		Release|Any CPU = Release|Any CPU
	EndGlobalSection
	GlobalSection(ProjectConfigurationPlatforms) = postSolution
		{7B5C18F6-323D-47B4-A859-E7EE2706995B}.Debug|Any CPU.ActiveCfg = Debug|Any CPU
		{7B5C18F6-323D-47B4-A859-E7EE2706995B}.Debug|Any CPU.Build.0 = Debug|Any CPU
		{7B5C18F6-323D-47B4-A859-E7EE2706995B}.Release|Any CPU.ActiveCfg = Release|Any CPU
		{7B5C18F6-323D-47B4-A859-E7EE2706995B}.Release|Any CPU.Build.0 = Release|Any CPU
		{46C67986-0E8A-46D8-8AFE-9C7DA0CCD41E}.Debug|Any CPU.ActiveCfg = Debug|Any CPU
		{46C67986-0E8A-46D8-8AFE-9C7DA0CCD41E}.Debug|Any CPU.Build.0 = Debug|Any CPU
		{46C67986-0E8A-46D8-8AFE-9C7DA0CCD41E}.Release|Any CPU.ActiveCfg = Release|Any CPU
		{46C67986-0E8A-46D8-8AFE-9C7DA0CCD41E}.Release|Any CPU.Build.0 = Release|Any CPU
	EndGlobalSection
	GlobalSection(SolutionProperties) = preSolution
		HideSolutionNode = FALSE
	EndGlobalSection
EndGlobal
